
Microsoft Visual Studio Solution File, Format Version 12.00
# Visual Studio Version 16
VisualStudioVersion = 16.0.30804.86
MinimumVisualStudioVersion = 10.0.40219.1
Project("{9A19103F-16F7-4668-BE54-9A1E7A4F7556}") = "DatavAPI", "DatavAPI\DatavAPI.csproj", "{41923906-3A8A-4F05-AE57-9F2807927DBD}"
EndProject
Project("{9A19103F-16F7-4668-BE54-9A1E7A4F7556}") = "DatavSimulator", "DatavSimulator\DatavSimulator.csproj", "{E665BA8B-3C8D-4BD2-8735-64702DAB88B9}"
EndProject
Project("{9A19103F-16F7-4668-BE54-9A1E7A4F7556}") = "tsubasa", "tsubasa\tsubasa\tsubasa.csproj", "{22DB9DFC-EFFE-4E2E-9E6A-53E03C957055}"
EndProject
Global
	GlobalSection(SolutionConfigurationPlatforms) = preSolution
		Debug_Linux|Any CPU = Debug_Linux|Any CPU
		Debug_Linux|x64 = Debug_Linux|x64
		Debug_Linux|x86 = Debug_Linux|x86
		Debug_Win|Any CPU = Debug_Win|Any CPU
		Debug_Win|x64 = Debug_Win|x64
		Debug_Win|x86 = Debug_Win|x86
		Debug|Any CPU = Debug|Any CPU
		Debug|x64 = Debug|x64
		Debug|x86 = Debug|x86
		Release_Linux|Any CPU = Release_Linux|Any CPU
		Release_Linux|x64 = Release_Linux|x64
		Release_Linux|x86 = Release_Linux|x86
		Release_Win|Any CPU = Release_Win|Any CPU
		Release_Win|x64 = Release_Win|x64
		Release_Win|x86 = Release_Win|x86
		Release|Any CPU = Release|Any CPU
		Release|x64 = Release|x64
		Release|x86 = Release|x86
	EndGlobalSection
	GlobalSection(ProjectConfigurationPlatforms) = postSolution
		{41923906-3A8A-4F05-AE57-9F2807927DBD}.Debug_Linux|Any CPU.ActiveCfg = Debug|Any CPU
		{41923906-3A8A-4F05-AE57-9F2807927DBD}.Debug_Linux|Any CPU.Build.0 = Debug|Any CPU
		{41923906-3A8A-4F05-AE57-9F2807927DBD}.Debug_Linux|x64.ActiveCfg = Debug|x64
		{41923906-3A8A-4F05-AE57-9F2807927DBD}.Debug_Linux|x64.Build.0 = Debug|x64
		{41923906-3A8A-4F05-AE57-9F2807927DBD}.Debug_Linux|x86.ActiveCfg = Debug|x86
		{41923906-3A8A-4F05-AE57-9F2807927DBD}.Debug_Linux|x86.Build.0 = Debug|x86
		{41923906-3A8A-4F05-AE57-9F2807927DBD}.Debug_Win|Any CPU.ActiveCfg = Debug|Any CPU
		{41923906-3A8A-4F05-AE57-9F2807927DBD}.Debug_Win|Any CPU.Build.0 = Debug|Any CPU
		{41923906-3A8A-4F05-AE57-9F2807927DBD}.Debug_Win|x64.ActiveCfg = Debug|x64
		{41923906-3A8A-4F05-AE57-9F2807927DBD}.Debug_Win|x64.Build.0 = Debug|x64
		{41923906-3A8A-4F05-AE57-9F2807927DBD}.Debug_Win|x86.ActiveCfg = Debug|x86
		{41923906-3A8A-4F05-AE57-9F2807927DBD}.Debug_Win|x86.Build.0 = Debug|x86
		{41923906-3A8A-4F05-AE57-9F2807927DBD}.Debug|Any CPU.ActiveCfg = Debug|Any CPU
		{41923906-3A8A-4F05-AE57-9F2807927DBD}.Debug|Any CPU.Build.0 = Debug|Any CPU
		{41923906-3A8A-4F05-AE57-9F2807927DBD}.Debug|x64.ActiveCfg = Debug|x64
		{41923906-3A8A-4F05-AE57-9F2807927DBD}.Debug|x64.Build.0 = Debug|x64
		{41923906-3A8A-4F05-AE57-9F2807927DBD}.Debug|x86.ActiveCfg = Debug|x86
		{41923906-3A8A-4F05-AE57-9F2807927DBD}.Debug|x86.Build.0 = Debug|x86
		{41923906-3A8A-4F05-AE57-9F2807927DBD}.Release_Linux|Any CPU.ActiveCfg = Release|Any CPU
		{41923906-3A8A-4F05-AE57-9F2807927DBD}.Release_Linux|Any CPU.Build.0 = Release|Any CPU
		{41923906-3A8A-4F05-AE57-9F2807927DBD}.Release_Linux|x64.ActiveCfg = Release|x64
		{41923906-3A8A-4F05-AE57-9F2807927DBD}.Release_Linux|x64.Build.0 = Release|x64
		{41923906-3A8A-4F05-AE57-9F2807927DBD}.Release_Linux|x86.ActiveCfg = Release|x86
		{41923906-3A8A-4F05-AE57-9F2807927DBD}.Release_Linux|x86.Build.0 = Release|x86
		{41923906-3A8A-4F05-AE57-9F2807927DBD}.Release_Win|Any CPU.ActiveCfg = Release|Any CPU
		{41923906-3A8A-4F05-AE57-9F2807927DBD}.Release_Win|Any CPU.Build.0 = Release|Any CPU
		{41923906-3A8A-4F05-AE57-9F2807927DBD}.Release_Win|x64.ActiveCfg = Release|x64
		{41923906-3A8A-4F05-AE57-9F2807927DBD}.Release_Win|x64.Build.0 = Release|x64
		{41923906-3A8A-4F05-AE57-9F2807927DBD}.Release_Win|x86.ActiveCfg = Release|x86
		{41923906-3A8A-4F05-AE57-9F2807927DBD}.Release_Win|x86.Build.0 = Release|x86
		{41923906-3A8A-4F05-AE57-9F2807927DBD}.Release|Any CPU.ActiveCfg = Release|Any CPU
		{41923906-3A8A-4F05-AE57-9F2807927DBD}.Release|Any CPU.Build.0 = Release|Any CPU
		{41923906-3A8A-4F05-AE57-9F2807927DBD}.Release|x64.ActiveCfg = Release|x64
		{41923906-3A8A-4F05-AE57-9F2807927DBD}.Release|x64.Build.0 = Release|x64
		{41923906-3A8A-4F05-AE57-9F2807927DBD}.Release|x86.ActiveCfg = Release|x86
		{41923906-3A8A-4F05-AE57-9F2807927DBD}.Release|x86.Build.0 = Release|x86
		{E665BA8B-3C8D-4BD2-8735-64702DAB88B9}.Debug_Linux|Any CPU.ActiveCfg = Debug|Any CPU
		{E665BA8B-3C8D-4BD2-8735-64702DAB88B9}.Debug_Linux|Any CPU.Build.0 = Debug|Any CPU
		{E665BA8B-3C8D-4BD2-8735-64702DAB88B9}.Debug_Linux|x64.ActiveCfg = Debug|x64
		{E665BA8B-3C8D-4BD2-8735-64702DAB88B9}.Debug_Linux|x64.Build.0 = Debug|x64
		{E665BA8B-3C8D-4BD2-8735-64702DAB88B9}.Debug_Linux|x86.ActiveCfg = Debug|x86
		{E665BA8B-3C8D-4BD2-8735-64702DAB88B9}.Debug_Linux|x86.Build.0 = Debug|x86
		{E665BA8B-3C8D-4BD2-8735-64702DAB88B9}.Debug_Win|Any CPU.ActiveCfg = Debug|Any CPU
		{E665BA8B-3C8D-4BD2-8735-64702DAB88B9}.Debug_Win|Any CPU.Build.0 = Debug|Any CPU
		{E665BA8B-3C8D-4BD2-8735-64702DAB88B9}.Debug_Win|x64.ActiveCfg = Debug|x64
		{E665BA8B-3C8D-4BD2-8735-64702DAB88B9}.Debug_Win|x64.Build.0 = Debug|x64
		{E665BA8B-3C8D-4BD2-8735-64702DAB88B9}.Debug_Win|x86.ActiveCfg = Debug|x86
		{E665BA8B-3C8D-4BD2-8735-64702DAB88B9}.Debug_Win|x86.Build.0 = Debug|x86
		{E665BA8B-3C8D-4BD2-8735-64702DAB88B9}.Debug|Any CPU.ActiveCfg = Debug|Any CPU
		{E665BA8B-3C8D-4BD2-8735-64702DAB88B9}.Debug|Any CPU.Build.0 = Debug|Any CPU
		{E665BA8B-3C8D-4BD2-8735-64702DAB88B9}.Debug|x64.ActiveCfg = Debug|x64
		{E665BA8B-3C8D-4BD2-8735-64702DAB88B9}.Debug|x64.Build.0 = Debug|x64
		{E665BA8B-3C8D-4BD2-8735-64702DAB88B9}.Debug|x86.ActiveCfg = Debug|x86
		{E665BA8B-3C8D-4BD2-8735-64702DAB88B9}.Debug|x86.Build.0 = Debug|x86
		{E665BA8B-3C8D-4BD2-8735-64702DAB88B9}.Release_Linux|Any CPU.ActiveCfg = Release|Any CPU
		{E665BA8B-3C8D-4BD2-8735-64702DAB88B9}.Release_Linux|Any CPU.Build.0 = Release|Any CPU
		{E665BA8B-3C8D-4BD2-8735-64702DAB88B9}.Release_Linux|x64.ActiveCfg = Release|x64
		{E665BA8B-3C8D-4BD2-8735-64702DAB88B9}.Release_Linux|x64.Build.0 = Release|x64
		{E665BA8B-3C8D-4BD2-8735-64702DAB88B9}.Release_Linux|x86.ActiveCfg = Release|x86
		{E665BA8B-3C8D-4BD2-8735-64702DAB88B9}.Release_Linux|x86.Build.0 = Release|x86
		{E665BA8B-3C8D-4BD2-8735-64702DAB88B9}.Release_Win|Any CPU.ActiveCfg = Release|Any CPU
		{E665BA8B-3C8D-4BD2-8735-64702DAB88B9}.Release_Win|Any CPU.Build.0 = Release|Any CPU
		{E665BA8B-3C8D-4BD2-8735-64702DAB88B9}.Release_Win|x64.ActiveCfg = Release|x64
		{E665BA8B-3C8D-4BD2-8735-64702DAB88B9}.Release_Win|x64.Build.0 = Release|x64
		{E665BA8B-3C8D-4BD2-8735-64702DAB88B9}.Release_Win|x86.ActiveCfg = Release|x86
		{E665BA8B-3C8D-4BD2-8735-64702DAB88B9}.Release_Win|x86.Build.0 = Release|x86
		{E665BA8B-3C8D-4BD2-8735-64702DAB88B9}.Release|Any CPU.ActiveCfg = Release|Any CPU
		{E665BA8B-3C8D-4BD2-8735-64702DAB88B9}.Release|Any CPU.Build.0 = Release|Any CPU
		{E665BA8B-3C8D-4BD2-8735-64702DAB88B9}.Release|x64.ActiveCfg = Release|x64
		{E665BA8B-3C8D-4BD2-8735-64702DAB88B9}.Release|x64.Build.0 = Release|x64
		{E665BA8B-3C8D-4BD2-8735-64702DAB88B9}.Release|x86.ActiveCfg = Release|x86
		{E665BA8B-3C8D-4BD2-8735-64702DAB88B9}.Release|x86.Build.0 = Release|x86
		{22DB9DFC-EFFE-4E2E-9E6A-53E03C957055}.Debug_Linux|Any CPU.ActiveCfg = Debug_Linux|Any CPU
		{22DB9DFC-EFFE-4E2E-9E6A-53E03C957055}.Debug_Linux|Any CPU.Build.0 = Debug_Linux|Any CPU
		{22DB9DFC-EFFE-4E2E-9E6A-53E03C957055}.Debug_Linux|x64.ActiveCfg = Debug_Linux|x64
		{22DB9DFC-EFFE-4E2E-9E6A-53E03C957055}.Debug_Linux|x64.Build.0 = Debug_Linux|x64
		{22DB9DFC-EFFE-4E2E-9E6A-53E03C957055}.Debug_Linux|x86.ActiveCfg = Debug_Linux|Any CPU
		{22DB9DFC-EFFE-4E2E-9E6A-53E03C957055}.Debug_Linux|x86.Build.0 = Debug_Linux|Any CPU
		{22DB9DFC-EFFE-4E2E-9E6A-53E03C957055}.Debug_Win|Any CPU.ActiveCfg = Debug_Win|Any CPU
		{22DB9DFC-EFFE-4E2E-9E6A-53E03C957055}.Debug_Win|Any CPU.Build.0 = Debug_Win|Any CPU
		{22DB9DFC-EFFE-4E2E-9E6A-53E03C957055}.Debug_Win|x64.ActiveCfg = Debug_Win|x64
		{22DB9DFC-EFFE-4E2E-9E6A-53E03C957055}.Debug_Win|x64.Build.0 = Debug_Win|x64
		{22DB9DFC-EFFE-4E2E-9E6A-53E03C957055}.Debug_Win|x86.ActiveCfg = Debug_Win|Any CPU
		{22DB9DFC-EFFE-4E2E-9E6A-53E03C957055}.Debug_Win|x86.Build.0 = Debug_Win|Any CPU
		{22DB9DFC-EFFE-4E2E-9E6A-53E03C957055}.Debug|Any CPU.ActiveCfg = Debug|Any CPU
		{22DB9DFC-EFFE-4E2E-9E6A-53E03C957055}.Debug|Any CPU.Build.0 = Debug|Any CPU
		{22DB9DFC-EFFE-4E2E-9E6A-53E03C957055}.Debug|x64.ActiveCfg = Debug|x64
		{22DB9DFC-EFFE-4E2E-9E6A-53E03C957055}.Debug|x64.Build.0 = Debug|x64
		{22DB9DFC-EFFE-4E2E-9E6A-53E03C957055}.Debug|x86.ActiveCfg = Debug|Any CPU
		{22DB9DFC-EFFE-4E2E-9E6A-53E03C957055}.Debug|x86.Build.0 = Debug|Any CPU
		{22DB9DFC-EFFE-4E2E-9E6A-53E03C957055}.Release_Linux|Any CPU.ActiveCfg = Release_Linux|Any CPU
		{22DB9DFC-EFFE-4E2E-9E6A-53E03C957055}.Release_Linux|Any CPU.Build.0 = Release_Linux|Any CPU
		{22DB9DFC-EFFE-4E2E-9E6A-53E03C957055}.Release_Linux|x64.ActiveCfg = Release_Linux|x64
		{22DB9DFC-EFFE-4E2E-9E6A-53E03C957055}.Release_Linux|x64.Build.0 = Release_Linux|x64
		{22DB9DFC-EFFE-4E2E-9E6A-53E03C957055}.Release_Linux|x86.ActiveCfg = Release_Linux|Any CPU
		{22DB9DFC-EFFE-4E2E-9E6A-53E03C957055}.Release_Linux|x86.Build.0 = Release_Linux|Any CPU
		{22DB9DFC-EFFE-4E2E-9E6A-53E03C957055}.Release_Win|Any CPU.ActiveCfg = Release_Win|Any CPU
		{22DB9DFC-EFFE-4E2E-9E6A-53E03C957055}.Release_Win|Any CPU.Build.0 = Release_Win|Any CPU
		{22DB9DFC-EFFE-4E2E-9E6A-53E03C957055}.Release_Win|x64.ActiveCfg = Release_Win|x64
		{22DB9DFC-EFFE-4E2E-9E6A-53E03C957055}.Release_Win|x64.Build.0 = Release_Win|x64
		{22DB9DFC-EFFE-4E2E-9E6A-53E03C957055}.Release_Win|x86.ActiveCfg = Release_Win|Any CPU
		{22DB9DFC-EFFE-4E2E-9E6A-53E03C957055}.Release_Win|x86.Build.0 = Release_Win|Any CPU
		{22DB9DFC-EFFE-4E2E-9E6A-53E03C957055}.Release|Any CPU.ActiveCfg = Release|Any CPU
		{22DB9DFC-EFFE-4E2E-9E6A-53E03C957055}.Release|Any CPU.Build.0 = Release|Any CPU
		{22DB9DFC-EFFE-4E2E-9E6A-53E03C957055}.Release|x64.ActiveCfg = Release|x64
		{22DB9DFC-EFFE-4E2E-9E6A-53E03C957055}.Release|x64.Build.0 = Release|x64
		{22DB9DFC-EFFE-4E2E-9E6A-53E03C957055}.Release|x86.ActiveCfg = Release|Any CPU
		{22DB9DFC-EFFE-4E2E-9E6A-53E03C957055}.Release|x86.Build.0 = Release|Any CPU
	EndGlobalSection
	GlobalSection(SolutionProperties) = preSolution
		HideSolutionNode = FALSE
	EndGlobalSection
	GlobalSection(ExtensibilityGlobals) = postSolution
		SolutionGuid = {532AC83C-08B3-4A3A-895F-DA5CDC45945C}
	EndGlobalSection
EndGlobal
